
Microsoft Visual Studio Solution File, Format Version 12.00
# Visual Studio Version 17
VisualStudioVersion = 17.3.32901.215
MinimumVisualStudioVersion = 10.0.40219.1
Project("{9A19103F-16F7-4668-BE54-9A1E7A4F7556}") = "Linkly.PosApi.Sdk", "Linkly.PosApi.Sdk\Linkly.PosApi.Sdk.csproj", "{6056022E-561F-46BF-A25B-79598571B611}"
EndProject
Project("{9A19103F-16F7-4668-BE54-9A1E7A4F7556}") = "Linkly.PosApi.Sdk.UnitTest", "Linkly.PosApi.Sdk.Test\Linkly.PosApi.Sdk.UnitTest.csproj", "{1A6CE2EB-17FC-499A-950C-DF38B0F03DB0}"
EndProject
Project("{9A19103F-16F7-4668-BE54-9A1E7A4F7556}") = "Linkly.PosApi.Sdk.DemoPos", "Linkly.PosApi.Sdk.DemoPos\Linkly.PosApi.Sdk.DemoPos.csproj", "{C094F544-D60C-4FF4-9310-E11F97B2D31A}"
EndProject
Project("{2150E333-8FDC-42A3-9474-1A3956D46DE8}") = "Solution Items", "Solution Items", "{D3F7C2AC-4B9B-4D53-85F0-33B3EA315256}"
	ProjectSection(SolutionItems) = preProject
		azure-pipelines.yml = azure-pipelines.yml
		HOWTO.md = HOWTO.md
		README.md = README.md
	EndProjectSection
EndProject
Project("{9A19103F-16F7-4668-BE54-9A1E7A4F7556}") = "Linkly.PosApi.Sdk.HowToBuilder", "Linkly.PosApi.Sdk.HowToBuilder\Linkly.PosApi.Sdk.HowToBuilder.csproj", "{FFD545D8-1B8C-4A6A-9710-854011EA3127}"
EndProject
Global
	GlobalSection(SolutionConfigurationPlatforms) = preSolution
		Debug|Any CPU = Debug|Any CPU
		Release|Any CPU = Release|Any CPU
	EndGlobalSection
	GlobalSection(ProjectConfigurationPlatforms) = postSolution
		{6056022E-561F-46BF-A25B-79598571B611}.Debug|Any CPU.ActiveCfg = Debug|Any CPU
		{6056022E-561F-46BF-A25B-79598571B611}.Debug|Any CPU.Build.0 = Debug|Any CPU
		{6056022E-561F-46BF-A25B-79598571B611}.Release|Any CPU.ActiveCfg = Release|Any CPU
		{6056022E-561F-46BF-A25B-79598571B611}.Release|Any CPU.Build.0 = Release|Any CPU
		{1A6CE2EB-17FC-499A-950C-DF38B0F03DB0}.Debug|Any CPU.ActiveCfg = Debug|Any CPU
		{1A6CE2EB-17FC-499A-950C-DF38B0F03DB0}.Debug|Any CPU.Build.0 = Debug|Any CPU
		{1A6CE2EB-17FC-499A-950C-DF38B0F03DB0}.Release|Any CPU.ActiveCfg = Release|Any CPU
		{1A6CE2EB-17FC-499A-950C-DF38B0F03DB0}.Release|Any CPU.Build.0 = Release|Any CPU
		{C094F544-D60C-4FF4-9310-E11F97B2D31A}.Debug|Any CPU.ActiveCfg = Debug|Any CPU
		{C094F544-D60C-4FF4-9310-E11F97B2D31A}.Debug|Any CPU.Build.0 = Debug|Any CPU
		{C094F544-D60C-4FF4-9310-E11F97B2D31A}.Release|Any CPU.ActiveCfg = Release|Any CPU
		{C094F544-D60C-4FF4-9310-E11F97B2D31A}.Release|Any CPU.Build.0 = Release|Any CPU
		{FFD545D8-1B8C-4A6A-9710-854011EA3127}.Debug|Any CPU.ActiveCfg = Debug|Any CPU
		{FFD545D8-1B8C-4A6A-9710-854011EA3127}.Debug|Any CPU.Build.0 = Debug|Any CPU
		{FFD545D8-1B8C-4A6A-9710-854011EA3127}.Release|Any CPU.ActiveCfg = Release|Any CPU
		{FFD545D8-1B8C-4A6A-9710-854011EA3127}.Release|Any CPU.Build.0 = Release|Any CPU
	EndGlobalSection
	GlobalSection(SolutionProperties) = preSolution
		HideSolutionNode = FALSE
	EndGlobalSection
	GlobalSection(ExtensibilityGlobals) = postSolution
		SolutionGuid = {0CD1969D-E609-448A-BC76-42F0F0B8F9BB}
	EndGlobalSection
EndGlobal
